
Microsoft Visual Studio Solution File, Format Version 12.00
# Visual Studio Version 17
VisualStudioVersion = 17.3.32825.248
MinimumVisualStudioVersion = 10.0.40219.1
Project("{FAE04EC0-301F-11D3-BF4B-00C04F79EFBC}") = "TextEditorCustomized", "TextEditorCustomized\TextEditorCustomized.csproj", "{53A43581-9F3E-4897-8232-6AB533B35683}"
EndProject
Global
	GlobalSection(SolutionConfigurationPlatforms) = preSolution
		Debug|Any CPU = Debug|Any CPU
		Release|Any CPU = Release|Any CPU
	EndGlobalSection
	GlobalSection(ProjectConfigurationPlatforms) = postSolution
		{53A43581-9F3E-4897-8232-6AB533B35683}.Debug|Any CPU.ActiveCfg = Debug|Any CPU
		{53A43581-9F3E-4897-8232-6AB533B35683}.Debug|Any CPU.Build.0 = Debug|Any CPU
		{53A43581-9F3E-4897-8232-6AB533B35683}.Release|Any CPU.ActiveCfg = Release|Any CPU
		{53A43581-9F3E-4897-8232-6AB533B35683}.Release|Any CPU.Build.0 = Release|Any CPU
	EndGlobalSection
	GlobalSection(SolutionProperties) = preSolution
		HideSolutionNode = FALSE
	EndGlobalSection
	GlobalSection(ExtensibilityGlobals) = postSolution
		SolutionGuid = {C241406F-84F3-48D2-B77B-4CD4CC5A3E6D}
	EndGlobalSection
EndGlobal
